// !$*UTF8*$!
{
	archiveVersion = 1;
	classes = {
	};
	objectVersion = 46;
	objects = {

/* Begin PBXBuildFile section */
		C05EEADC19B75E1B00B7D99F /* PooRobotControlViewController.m in Sources */ = {isa = PBXBuildFile; fileRef = C05EEADB19B75E1B00B7D99F /* PooRobotControlViewController.m */; };
		C0AA076D1D7E693000223510 /* EV3Device.m in Sources */ = {isa = PBXBuildFile; fileRef = C0AA07531D7E693000223510 /* EV3Device.m */; };
		C0AA076E1D7E693000223510 /* EV3DirectCommander.m in Sources */ = {isa = PBXBuildFile; fileRef = C0AA07551D7E693000223510 /* EV3DirectCommander.m */; };
		C0AA076F1D7E693000223510 /* EV3Sensor.m in Sources */ = {isa = PBXBuildFile; fileRef = C0AA07581D7E693000223510 /* EV3Sensor.m */; };
		C0AA07701D7E693000223510 /* EV3WifiBrowserViewController.m in Sources */ = {isa = PBXBuildFile; fileRef = C0AA075A1D7E693000223510 /* EV3WifiBrowserViewController.m */; };
		C0AA07711D7E693000223510 /* EV3WifiManager.m in Sources */ = {isa = PBXBuildFile; fileRef = C0AA075C1D7E693000223510 /* EV3WifiManager.m */; };
		C0AA07721D7E693000223510 /* GCDAsyncSocket.m in Sources */ = {isa = PBXBuildFile; fileRef = C0AA075E1D7E693000223510 /* GCDAsyncSocket.m */; };
		C0AA07731D7E693000223510 /* GCDAsyncUdpSocket.m in Sources */ = {isa = PBXBuildFile; fileRef = C0AA07601D7E693000223510 /* GCDAsyncUdpSocket.m */; };
		C0AA07741D7E693000223510 /* README.md in Sources */ = {isa = PBXBuildFile; fileRef = C0AA07611D7E693000223510 /* README.md */; };
		C0AA07751D7E693000223510 /* ColorSensor.png in Resources */ = {isa = PBXBuildFile; fileRef = C0AA07631D7E693000223510 /* ColorSensor.png */; };
		C0AA07761D7E693000223510 /* Empty.png in Resources */ = {isa = PBXBuildFile; fileRef = C0AA07641D7E693000223510 /* Empty.png */; };
		C0AA07771D7E693000223510 /* GyroSensor.png in Resources */ = {isa = PBXBuildFile; fileRef = C0AA07651D7E693000223510 /* GyroSensor.png */; };
		C0AA07781D7E693000223510 /* InfraredSensor.png in Resources */ = {isa = PBXBuildFile; fileRef = C0AA07661D7E693000223510 /* InfraredSensor.png */; };
		C0AA07791D7E693000223510 /* Init.png in Resources */ = {isa = PBXBuildFile; fileRef = C0AA07671D7E693000223510 /* Init.png */; };
		C0AA077A1D7E693000223510 /* LargeMotor.png in Resources */ = {isa = PBXBuildFile; fileRef = C0AA07681D7E693000223510 /* LargeMotor.png */; };
		C0AA077B1D7E693000223510 /* MediumMotor.png in Resources */ = {isa = PBXBuildFile; fileRef = C0AA07691D7E693000223510 /* MediumMotor.png */; };
		C0AA077C1D7E693000223510 /* TouchSensor.png in Resources */ = {isa = PBXBuildFile; fileRef = C0AA076A1D7E693000223510 /* TouchSensor.png */; };
		C0AA077D1D7E693000223510 /* UltrasonicSensor.png in Resources */ = {isa = PBXBuildFile; fileRef = C0AA076B1D7E693000223510 /* UltrasonicSensor.png */; };
		C0AA077E1D7E693000223510 /* Unknown.png in Resources */ = {isa = PBXBuildFile; fileRef = C0AA076C1D7E693000223510 /* Unknown.png */; };
		C0AA07801D7E6B3200223510 /* Main.storyboard in Resources */ = {isa = PBXBuildFile; fileRef = C0AA077F1D7E6B3200223510 /* Main.storyboard */; };
		CC6A5DD419B413E700AB7A64 /* main.m in Sources */ = {isa = PBXBuildFile; fileRef = CC6A5DD319B413E700AB7A64 /* main.m */; };
		CC6A5DD719B413E700AB7A64 /* AppDelegate.m in Sources */ = {isa = PBXBuildFile; fileRef = CC6A5DD619B413E700AB7A64 /* AppDelegate.m */; };
		CC6A5DDA19B413E700AB7A64 /* ViewController.m in Sources */ = {isa = PBXBuildFile; fileRef = CC6A5DD919B413E700AB7A64 /* ViewController.m */; };
		CC6A5DDF19B413E700AB7A64 /* Images.xcassets in Resources */ = {isa = PBXBuildFile; fileRef = CC6A5DDE19B413E700AB7A64 /* Images.xcassets */; };
		CC6A5E1019B41AEB00AB7A64 /* MyRobotTableViewCell.m in Sources */ = {isa = PBXBuildFile; fileRef = CC6A5E0F19B41AEB00AB7A64 /* MyRobotTableViewCell.m */; };
		CCA5799519B7FA190025107F /* analogue_bg.png in Resources */ = {isa = PBXBuildFile; fileRef = CCA5797B19B7FA190025107F /* analogue_bg.png */; };
		CCA5799619B7FA190025107F /* analogue_bg@2x.png in Resources */ = {isa = PBXBuildFile; fileRef = CCA5797C19B7FA190025107F /* analogue_bg@2x.png */; };
		CCA5799719B7FA190025107F /* analogue_handle.png in Resources */ = {isa = PBXBuildFile; fileRef = CCA5797D19B7FA190025107F /* analogue_handle.png */; };
		CCA5799819B7FA190025107F /* analogue_handle@2x.png in Resources */ = {isa = PBXBuildFile; fileRef = CCA5797E19B7FA190025107F /* analogue_handle@2x.png */; };
		CCA5799919B7FA190025107F /* button-pressed.png in Resources */ = {isa = PBXBuildFile; fileRef = CCA5797F19B7FA190025107F /* button-pressed.png */; };
		CCA5799A19B7FA190025107F /* button-pressed@2x.png in Resources */ = {isa = PBXBuildFile; fileRef = CCA5798019B7FA190025107F /* button-pressed@2x.png */; };
		CCA5799B19B7FA190025107F /* button.png in Resources */ = {isa = PBXBuildFile; fileRef = CCA5798119B7FA190025107F /* button.png */; };
		CCA5799C19B7FA190025107F /* button@2x.png in Resources */ = {isa = PBXBuildFile; fileRef = CCA5798219B7FA190025107F /* button@2x.png */; };
		CCA5799D19B7FA190025107F /* dPad-Down.png in Resources */ = {isa = PBXBuildFile; fileRef = CCA5798319B7FA190025107F /* dPad-Down.png */; };
		CCA5799E19B7FA190025107F /* dPad-Down@2x.png in Resources */ = {isa = PBXBuildFile; fileRef = CCA5798419B7FA190025107F /* dPad-Down@2x.png */; };
		CCA5799F19B7FA190025107F /* dPad-DownLeft.png in Resources */ = {isa = PBXBuildFile; fileRef = CCA5798519B7FA190025107F /* dPad-DownLeft.png */; };
		CCA579A019B7FA190025107F /* dPad-DownLeft@2x.png in Resources */ = {isa = PBXBuildFile; fileRef = CCA5798619B7FA190025107F /* dPad-DownLeft@2x.png */; };
		CCA579A119B7FA190025107F /* dPad-DownRight.png in Resources */ = {isa = PBXBuildFile; fileRef = CCA5798719B7FA190025107F /* dPad-DownRight.png */; };
		CCA579A219B7FA190025107F /* dPad-DownRight@2x.png in Resources */ = {isa = PBXBuildFile; fileRef = CCA5798819B7FA190025107F /* dPad-DownRight@2x.png */; };
		CCA579A319B7FA190025107F /* dPad-Left.png in Resources */ = {isa = PBXBuildFile; fileRef = CCA5798919B7FA190025107F /* dPad-Left.png */; };
		CCA579A419B7FA190025107F /* dPad-Left@2x.png in Resources */ = {isa = PBXBuildFile; fileRef = CCA5798A19B7FA190025107F /* dPad-Left@2x.png */; };
		CCA579A519B7FA190025107F /* dPad-None.png in Resources */ = {isa = PBXBuildFile; fileRef = CCA5798B19B7FA190025107F /* dPad-None.png */; };
		CCA579A619B7FA190025107F /* dPad-None@2x.png in Resources */ = {isa = PBXBuildFile; fileRef = CCA5798C19B7FA190025107F /* dPad-None@2x.png */; };
		CCA579A719B7FA190025107F /* dPad-Right.png in Resources */ = {isa = PBXBuildFile; fileRef = CCA5798D19B7FA190025107F /* dPad-Right.png */; };
		CCA579A819B7FA190025107F /* dPad-Right@2x.png in Resources */ = {isa = PBXBuildFile; fileRef = CCA5798E19B7FA190025107F /* dPad-Right@2x.png */; };
		CCA579A919B7FA190025107F /* dPad-Up.png in Resources */ = {isa = PBXBuildFile; fileRef = CCA5798F19B7FA190025107F /* dPad-Up.png */; };
		CCA579AA19B7FA190025107F /* dPad-Up@2x.png in Resources */ = {isa = PBXBuildFile; fileRef = CCA5799019B7FA190025107F /* dPad-Up@2x.png */; };
		CCA579AB19B7FA190025107F /* dPad-UpLeft.png in Resources */ = {isa = PBXBuildFile; fileRef = CCA5799119B7FA190025107F /* dPad-UpLeft.png */; };
		CCA579AC19B7FA190025107F /* dPad-UpLeft@2x.png in Resources */ = {isa = PBXBuildFile; fileRef = CCA5799219B7FA190025107F /* dPad-UpLeft@2x.png */; };
		CCA579AD19B7FA190025107F /* dPad-UpRight.png in Resources */ = {isa = PBXBuildFile; fileRef = CCA5799319B7FA190025107F /* dPad-UpRight.png */; };
		CCA579AE19B7FA190025107F /* dPad-UpRight@2x.png in Resources */ = {isa = PBXBuildFile; fileRef = CCA5799419B7FA190025107F /* dPad-UpRight@2x.png */; };
		CCA579B819B7FA560025107F /* JSAnalogueStick.m in Sources */ = {isa = PBXBuildFile; fileRef = CCA579B119B7FA560025107F /* JSAnalogueStick.m */; };
		CCA579B919B7FA560025107F /* JSButton.m in Sources */ = {isa = PBXBuildFile; fileRef = CCA579B319B7FA560025107F /* JSButton.m */; };
		CCA579BA19B7FA560025107F /* JSControlLayout.m in Sources */ = {isa = PBXBuildFile; fileRef = CCA579B519B7FA560025107F /* JSControlLayout.m */; };
		CCA579BB19B7FA560025107F /* JSDPad.m in Sources */ = {isa = PBXBuildFile; fileRef = CCA579B719B7FA560025107F /* JSDPad.m */; };
/* End PBXBuildFile section */

/* Begin PBXFileReference section */
		C05EEADA19B75E1B00B7D99F /* PooRobotControlViewController.h */ = {isa = PBXFileReference; fileEncoding = 4; lastKnownFileType = sourcecode.c.h; path = PooRobotControlViewController.h; sourceTree = "<group>"; };
		C05EEADB19B75E1B00B7D99F /* PooRobotControlViewController.m */ = {isa = PBXFileReference; fileEncoding = 4; lastKnownFileType = sourcecode.c.objc; path = PooRobotControlViewController.m; sourceTree = "<group>"; };
		C0AA07511D7E693000223510 /* EV3CommandDefinitions.h */ = {isa = PBXFileReference; fileEncoding = 4; lastKnownFileType = sourcecode.c.h; path = EV3CommandDefinitions.h; sourceTree = "<group>"; };
		C0AA07521D7E693000223510 /* EV3Device.h */ = {isa = PBXFileReference; fileEncoding = 4; lastKnownFileType = sourcecode.c.h; path = EV3Device.h; sourceTree = "<group>"; };
		C0AA07531D7E693000223510 /* EV3Device.m */ = {isa = PBXFileReference; fileEncoding = 4; lastKnownFileType = sourcecode.c.objc; path = EV3Device.m; sourceTree = "<group>"; };
		C0AA07541D7E693000223510 /* EV3DirectCommander.h */ = {isa = PBXFileReference; fileEncoding = 4; lastKnownFileType = sourcecode.c.h; path = EV3DirectCommander.h; sourceTree = "<group>"; };
		C0AA07551D7E693000223510 /* EV3DirectCommander.m */ = {isa = PBXFileReference; fileEncoding = 4; lastKnownFileType = sourcecode.c.objc; path = EV3DirectCommander.m; sourceTree = "<group>"; };
		C0AA07561D7E693000223510 /* EV3MessageType.h */ = {isa = PBXFileReference; fileEncoding = 4; lastKnownFileType = sourcecode.c.h; path = EV3MessageType.h; sourceTree = "<group>"; };
		C0AA07571D7E693000223510 /* EV3Sensor.h */ = {isa = PBXFileReference; fileEncoding = 4; lastKnownFileType = sourcecode.c.h; path = EV3Sensor.h; sourceTree = "<group>"; };
		C0AA07581D7E693000223510 /* EV3Sensor.m */ = {isa = PBXFileReference; fileEncoding = 4; lastKnownFileType = sourcecode.c.objc; path = EV3Sensor.m; sourceTree = "<group>"; };
		C0AA07591D7E693000223510 /* EV3WifiBrowserViewController.h */ = {isa = PBXFileReference; fileEncoding = 4; lastKnownFileType = sourcecode.c.h; path = EV3WifiBrowserViewController.h; sourceTree = "<group>"; };
		C0AA075A1D7E693000223510 /* EV3WifiBrowserViewController.m */ = {isa = PBXFileReference; fileEncoding = 4; lastKnownFileType = sourcecode.c.objc; path = EV3WifiBrowserViewController.m; sourceTree = "<group>"; };
		C0AA075B1D7E693000223510 /* EV3WifiManager.h */ = {isa = PBXFileReference; fileEncoding = 4; lastKnownFileType = sourcecode.c.h; path = EV3WifiManager.h; sourceTree = "<group>"; };
		C0AA075C1D7E693000223510 /* EV3WifiManager.m */ = {isa = PBXFileReference; fileEncoding = 4; lastKnownFileType = sourcecode.c.objc; path = EV3WifiManager.m; sourceTree = "<group>"; };
		C0AA075D1D7E693000223510 /* GCDAsyncSocket.h */ = {isa = PBXFileReference; fileEncoding = 4; lastKnownFileType = sourcecode.c.h; path = GCDAsyncSocket.h; sourceTree = "<group>"; };
		C0AA075E1D7E693000223510 /* GCDAsyncSocket.m */ = {isa = PBXFileReference; fileEncoding = 4; lastKnownFileType = sourcecode.c.objc; path = GCDAsyncSocket.m; sourceTree = "<group>"; };
		C0AA075F1D7E693000223510 /* GCDAsyncUdpSocket.h */ = {isa = PBXFileReference; fileEncoding = 4; lastKnownFileType = sourcecode.c.h; path = GCDAsyncUdpSocket.h; sourceTree = "<group>"; };
		C0AA07601D7E693000223510 /* GCDAsyncUdpSocket.m */ = {isa = PBXFileReference; fileEncoding = 4; lastKnownFileType = sourcecode.c.objc; path = GCDAsyncUdpSocket.m; sourceTree = "<group>"; };
		C0AA07611D7E693000223510 /* README.md */ = {isa = PBXFileReference; fileEncoding = 4; lastKnownFileType = net.daringfireball.markdown; path = README.md; sourceTree = "<group>"; };
		C0AA07631D7E693000223510 /* ColorSensor.png */ = {isa = PBXFileReference; lastKnownFileType = image.png; path = ColorSensor.png; sourceTree = "<group>"; };
		C0AA07641D7E693000223510 /* Empty.png */ = {isa = PBXFileReference; lastKnownFileType = image.png; path = Empty.png; sourceTree = "<group>"; };
		C0AA07651D7E693000223510 /* GyroSensor.png */ = {isa = PBXFileReference; lastKnownFileType = image.png; path = GyroSensor.png; sourceTree = "<group>"; };
		C0AA07661D7E693000223510 /* InfraredSensor.png */ = {isa = PBXFileReference; lastKnownFileType = image.png; path = InfraredSensor.png; sourceTree = "<group>"; };
		C0AA07671D7E693000223510 /* Init.png */ = {isa = PBXFileReference; lastKnownFileType = image.png; path = Init.png; sourceTree = "<group>"; };
		C0AA07681D7E693000223510 /* LargeMotor.png */ = {isa = PBXFileReference; lastKnownFileType = image.png; path = LargeMotor.png; sourceTree = "<group>"; };
		C0AA07691D7E693000223510 /* MediumMotor.png */ = {isa = PBXFileReference; lastKnownFileType = image.png; path = MediumMotor.png; sourceTree = "<group>"; };
		C0AA076A1D7E693000223510 /* TouchSensor.png */ = {isa = PBXFileReference; lastKnownFileType = image.png; path = TouchSensor.png; sourceTree = "<group>"; };
		C0AA076B1D7E693000223510 /* UltrasonicSensor.png */ = {isa = PBXFileReference; lastKnownFileType = image.png; path = UltrasonicSensor.png; sourceTree = "<group>"; };
		C0AA076C1D7E693000223510 /* Unknown.png */ = {isa = PBXFileReference; lastKnownFileType = image.png; path = Unknown.png; sourceTree = "<group>"; };
		C0AA077F1D7E6B3200223510 /* Main.storyboard */ = {isa = PBXFileReference; fileEncoding = 4; lastKnownFileType = file.storyboard; path = Main.storyboard; sourceTree = "<group>"; };
		CC6A5DCE19B413E700AB7A64 /* MyRobot.app */ = {isa = PBXFileReference; explicitFileType = wrapper.application; includeInIndex = 0; path = MyRobot.app; sourceTree = BUILT_PRODUCTS_DIR; };
		CC6A5DD219B413E700AB7A64 /* Info.plist */ = {isa = PBXFileReference; lastKnownFileType = text.plist.xml; path = Info.plist; sourceTree = "<group>"; };
		CC6A5DD319B413E700AB7A64 /* main.m */ = {isa = PBXFileReference; lastKnownFileType = sourcecode.c.objc; path = main.m; sourceTree = "<group>"; };
		CC6A5DD519B413E700AB7A64 /* AppDelegate.h */ = {isa = PBXFileReference; lastKnownFileType = sourcecode.c.h; path = AppDelegate.h; sourceTree = "<group>"; };
		CC6A5DD619B413E700AB7A64 /* AppDelegate.m */ = {isa = PBXFileReference; lastKnownFileType = sourcecode.c.objc; path = AppDelegate.m; sourceTree = "<group>"; };
		CC6A5DD819B413E700AB7A64 /* ViewController.h */ = {isa = PBXFileReference; lastKnownFileType = sourcecode.c.h; path = ViewController.h; sourceTree = "<group>"; };
		CC6A5DD919B413E700AB7A64 /* ViewController.m */ = {isa = PBXFileReference; lastKnownFileType = sourcecode.c.objc; path = ViewController.m; sourceTree = "<group>"; };
		CC6A5DDE19B413E700AB7A64 /* Images.xcassets */ = {isa = PBXFileReference; lastKnownFileType = folder.assetcatalog; path = Images.xcassets; sourceTree = "<group>"; };
		CC6A5E0D19B4168900AB7A64 /* Myrobot-Prefix.pch */ = {isa = PBXFileReference; fileEncoding = 4; lastKnownFileType = sourcecode.c.h; path = "Myrobot-Prefix.pch"; sourceTree = "<group>"; };
		CC6A5E0E19B41AEB00AB7A64 /* MyRobotTableViewCell.h */ = {isa = PBXFileReference; fileEncoding = 4; lastKnownFileType = sourcecode.c.h; path = MyRobotTableViewCell.h; sourceTree = "<group>"; };
		CC6A5E0F19B41AEB00AB7A64 /* MyRobotTableViewCell.m */ = {isa = PBXFileReference; fileEncoding = 4; lastKnownFileType = sourcecode.c.objc; path = MyRobotTableViewCell.m; sourceTree = "<group>"; };
		CCA5797B19B7FA190025107F /* analogue_bg.png */ = {isa = PBXFileReference; lastKnownFileType = image.png; path = analogue_bg.png; sourceTree = "<group>"; };
		CCA5797C19B7FA190025107F /* analogue_bg@2x.png */ = {isa = PBXFileReference; lastKnownFileType = image.png; path = "analogue_bg@2x.png"; sourceTree = "<group>"; };
		CCA5797D19B7FA190025107F /* analogue_handle.png */ = {isa = PBXFileReference; lastKnownFileType = image.png; path = analogue_handle.png; sourceTree = "<group>"; };
		CCA5797E19B7FA190025107F /* analogue_handle@2x.png */ = {isa = PBXFileReference; lastKnownFileType = image.png; path = "analogue_handle@2x.png"; sourceTree = "<group>"; };
		CCA5797F19B7FA190025107F /* button-pressed.png */ = {isa = PBXFileReference; lastKnownFileType = image.png; path = "button-pressed.png"; sourceTree = "<group>"; };
		CCA5798019B7FA190025107F /* button-pressed@2x.png */ = {isa = PBXFileReference; lastKnownFileType = image.png; path = "button-pressed@2x.png"; sourceTree = "<group>"; };
		CCA5798119B7FA190025107F /* button.png */ = {isa = PBXFileReference; lastKnownFileType = image.png; path = button.png; sourceTree = "<group>"; };
		CCA5798219B7FA190025107F /* button@2x.png */ = {isa = PBXFileReference; lastKnownFileType = image.png; path = "button@2x.png"; sourceTree = "<group>"; };
		CCA5798319B7FA190025107F /* dPad-Down.png */ = {isa = PBXFileReference; lastKnownFileType = image.png; path = "dPad-Down.png"; sourceTree = "<group>"; };
		CCA5798419B7FA190025107F /* dPad-Down@2x.png */ = {isa = PBXFileReference; lastKnownFileType = image.png; path = "dPad-Down@2x.png"; sourceTree = "<group>"; };
		CCA5798519B7FA190025107F /* dPad-DownLeft.png */ = {isa = PBXFileReference; lastKnownFileType = image.png; path = "dPad-DownLeft.png"; sourceTree = "<group>"; };
		CCA5798619B7FA190025107F /* dPad-DownLeft@2x.png */ = {isa = PBXFileReference; lastKnownFileType = image.png; path = "dPad-DownLeft@2x.png"; sourceTree = "<group>"; };
		CCA5798719B7FA190025107F /* dPad-DownRight.png */ = {isa = PBXFileReference; lastKnownFileType = image.png; path = "dPad-DownRight.png"; sourceTree = "<group>"; };
		CCA5798819B7FA190025107F /* dPad-DownRight@2x.png */ = {isa = PBXFileReference; lastKnownFileType = image.png; path = "dPad-DownRight@2x.png"; sourceTree = "<group>"; };
		CCA5798919B7FA190025107F /* dPad-Left.png */ = {isa = PBXFileReference; lastKnownFileType = image.png; path = "dPad-Left.png"; sourceTree = "<group>"; };
		CCA5798A19B7FA190025107F /* dPad-Left@2x.png */ = {isa = PBXFileReference; lastKnownFileType = image.png; path = "dPad-Left@2x.png"; sourceTree = "<group>"; };
		CCA5798B19B7FA190025107F /* dPad-None.png */ = {isa = PBXFileReference; lastKnownFileType = image.png; path = "dPad-None.png"; sourceTree = "<group>"; };
		CCA5798C19B7FA190025107F /* dPad-None@2x.png */ = {isa = PBXFileReference; lastKnownFileType = image.png; path = "dPad-None@2x.png"; sourceTree = "<group>"; };
		CCA5798D19B7FA190025107F /* dPad-Right.png */ = {isa = PBXFileReference; lastKnownFileType = image.png; path = "dPad-Right.png"; sourceTree = "<group>"; };
		CCA5798E19B7FA190025107F /* dPad-Right@2x.png */ = {isa = PBXFileReference; lastKnownFileType = image.png; path = "dPad-Right@2x.png"; sourceTree = "<group>"; };
		CCA5798F19B7FA190025107F /* dPad-Up.png */ = {isa = PBXFileReference; lastKnownFileType = image.png; path = "dPad-Up.png"; sourceTree = "<group>"; };
		CCA5799019B7FA190025107F /* dPad-Up@2x.png */ = {isa = PBXFileReference; lastKnownFileType = image.png; path = "dPad-Up@2x.png"; sourceTree = "<group>"; };
		CCA5799119B7FA190025107F /* dPad-UpLeft.png */ = {isa = PBXFileReference; lastKnownFileType = image.png; path = "dPad-UpLeft.png"; sourceTree = "<group>"; };
		CCA5799219B7FA190025107F /* dPad-UpLeft@2x.png */ = {isa = PBXFileReference; lastKnownFileType = image.png; path = "dPad-UpLeft@2x.png"; sourceTree = "<group>"; };
		CCA5799319B7FA190025107F /* dPad-UpRight.png */ = {isa = PBXFileReference; lastKnownFileType = image.png; path = "dPad-UpRight.png"; sourceTree = "<group>"; };
		CCA5799419B7FA190025107F /* dPad-UpRight@2x.png */ = {isa = PBXFileReference; lastKnownFileType = image.png; path = "dPad-UpRight@2x.png"; sourceTree = "<group>"; };
		CCA579B019B7FA560025107F /* JSAnalogueStick.h */ = {isa = PBXFileReference; fileEncoding = 4; lastKnownFileType = sourcecode.c.h; path = JSAnalogueStick.h; sourceTree = "<group>"; };
		CCA579B119B7FA560025107F /* JSAnalogueStick.m */ = {isa = PBXFileReference; fileEncoding = 4; lastKnownFileType = sourcecode.c.objc; path = JSAnalogueStick.m; sourceTree = "<group>"; };
		CCA579B219B7FA560025107F /* JSButton.h */ = {isa = PBXFileReference; fileEncoding = 4; lastKnownFileType = sourcecode.c.h; path = JSButton.h; sourceTree = "<group>"; };
		CCA579B319B7FA560025107F /* JSButton.m */ = {isa = PBXFileReference; fileEncoding = 4; lastKnownFileType = sourcecode.c.objc; path = JSButton.m; sourceTree = "<group>"; };
		CCA579B419B7FA560025107F /* JSControlLayout.h */ = {isa = PBXFileReference; fileEncoding = 4; lastKnownFileType = sourcecode.c.h; path = JSControlLayout.h; sourceTree = "<group>"; };
		CCA579B519B7FA560025107F /* JSControlLayout.m */ = {isa = PBXFileReference; fileEncoding = 4; lastKnownFileType = sourcecode.c.objc; path = JSControlLayout.m; sourceTree = "<group>"; };
		CCA579B619B7FA560025107F /* JSDPad.h */ = {isa = PBXFileReference; fileEncoding = 4; lastKnownFileType = sourcecode.c.h; path = JSDPad.h; sourceTree = "<group>"; };
		CCA579B719B7FA560025107F /* JSDPad.m */ = {isa = PBXFileReference; fileEncoding = 4; lastKnownFileType = sourcecode.c.objc; path = JSDPad.m; sourceTree = "<group>"; };
/* End PBXFileReference section */

/* Begin PBXFrameworksBuildPhase section */
		CC6A5DCB19B413E700AB7A64 /* Frameworks */ = {
			isa = PBXFrameworksBuildPhase;
			buildActionMask = 2147483647;
			files = (
			);
			runOnlyForDeploymentPostprocessing = 0;
		};
/* End PBXFrameworksBuildPhase section */

/* Begin PBXGroup section */
		C0AA07501D7E693000223510 /* EV3 */ = {
			isa = PBXGroup;
			children = (
				C0AA07511D7E693000223510 /* EV3CommandDefinitions.h */,
				C0AA07521D7E693000223510 /* EV3Device.h */,
				C0AA07531D7E693000223510 /* EV3Device.m */,
				C0AA07541D7E693000223510 /* EV3DirectCommander.h */,
				C0AA07551D7E693000223510 /* EV3DirectCommander.m */,
				C0AA07561D7E693000223510 /* EV3MessageType.h */,
				C0AA07571D7E693000223510 /* EV3Sensor.h */,
				C0AA07581D7E693000223510 /* EV3Sensor.m */,
				C0AA07591D7E693000223510 /* EV3WifiBrowserViewController.h */,
				C0AA075A1D7E693000223510 /* EV3WifiBrowserViewController.m */,
				C0AA075B1D7E693000223510 /* EV3WifiManager.h */,
				C0AA075C1D7E693000223510 /* EV3WifiManager.m */,
				C0AA075D1D7E693000223510 /* GCDAsyncSocket.h */,
				C0AA075E1D7E693000223510 /* GCDAsyncSocket.m */,
				C0AA075F1D7E693000223510 /* GCDAsyncUdpSocket.h */,
				C0AA07601D7E693000223510 /* GCDAsyncUdpSocket.m */,
				C0AA07611D7E693000223510 /* README.md */,
				C0AA07621D7E693000223510 /* Resource */,
			);
			path = EV3;
			sourceTree = "<group>";
		};
		C0AA07621D7E693000223510 /* Resource */ = {
			isa = PBXGroup;
			children = (
				C0AA07631D7E693000223510 /* ColorSensor.png */,
				C0AA07641D7E693000223510 /* Empty.png */,
				C0AA07651D7E693000223510 /* GyroSensor.png */,
				C0AA07661D7E693000223510 /* InfraredSensor.png */,
				C0AA07671D7E693000223510 /* Init.png */,
				C0AA07681D7E693000223510 /* LargeMotor.png */,
				C0AA07691D7E693000223510 /* MediumMotor.png */,
				C0AA076A1D7E693000223510 /* TouchSensor.png */,
				C0AA076B1D7E693000223510 /* UltrasonicSensor.png */,
				C0AA076C1D7E693000223510 /* Unknown.png */,
			);
			path = Resource;
			sourceTree = "<group>";
		};
		C0B75EF419B7557800C9DB7C /* Resource */ = {
			isa = PBXGroup;
			children = (
				CCA5797B19B7FA190025107F /* analogue_bg.png */,
				CCA5797C19B7FA190025107F /* analogue_bg@2x.png */,
				CCA5797D19B7FA190025107F /* analogue_handle.png */,
				CCA5797E19B7FA190025107F /* analogue_handle@2x.png */,
				CCA5797F19B7FA190025107F /* button-pressed.png */,
				CCA5798019B7FA190025107F /* button-pressed@2x.png */,
				CCA5798119B7FA190025107F /* button.png */,
				CCA5798219B7FA190025107F /* button@2x.png */,
				CCA5798319B7FA190025107F /* dPad-Down.png */,
				CCA5798419B7FA190025107F /* dPad-Down@2x.png */,
				CCA5798519B7FA190025107F /* dPad-DownLeft.png */,
				CCA5798619B7FA190025107F /* dPad-DownLeft@2x.png */,
				CCA5798719B7FA190025107F /* dPad-DownRight.png */,
				CCA5798819B7FA190025107F /* dPad-DownRight@2x.png */,
				CCA5798919B7FA190025107F /* dPad-Left.png */,
				CCA5798A19B7FA190025107F /* dPad-Left@2x.png */,
				CCA5798B19B7FA190025107F /* dPad-None.png */,
				CCA5798C19B7FA190025107F /* dPad-None@2x.png */,
				CCA5798D19B7FA190025107F /* dPad-Right.png */,
				CCA5798E19B7FA190025107F /* dPad-Right@2x.png */,
				CCA5798F19B7FA190025107F /* dPad-Up.png */,
				CCA5799019B7FA190025107F /* dPad-Up@2x.png */,
				CCA5799119B7FA190025107F /* dPad-UpLeft.png */,
				CCA5799219B7FA190025107F /* dPad-UpLeft@2x.png */,
				CCA5799319B7FA190025107F /* dPad-UpRight.png */,
				CCA5799419B7FA190025107F /* dPad-UpRight@2x.png */,
			);
			path = Resource;
			sourceTree = "<group>";
		};
		CC6A5DC519B413E700AB7A64 = {
			isa = PBXGroup;
			children = (
				CC6A5E0D19B4168900AB7A64 /* Myrobot-Prefix.pch */,
				CC6A5DD019B413E700AB7A64 /* MyRobot */,
				CC6A5DCF19B413E700AB7A64 /* Products */,
			);
			sourceTree = "<group>";
		};
		CC6A5DCF19B413E700AB7A64 /* Products */ = {
			isa = PBXGroup;
			children = (
				CC6A5DCE19B413E700AB7A64 /* MyRobot.app */,
			);
			name = Products;
			sourceTree = "<group>";
		};
		CC6A5DD019B413E700AB7A64 /* MyRobot */ = {
			isa = PBXGroup;
			children = (
				C0AA077F1D7E6B3200223510 /* Main.storyboard */,
				C0AA07501D7E693000223510 /* EV3 */,
				CCA579AF19B7FA560025107F /* ControlPad */,
				C0B75EF419B7557800C9DB7C /* Resource */,
				CC6A5DD519B413E700AB7A64 /* AppDelegate.h */,
				CC6A5DD619B413E700AB7A64 /* AppDelegate.m */,
				CC6A5DD819B413E700AB7A64 /* ViewController.h */,
				CC6A5DD919B413E700AB7A64 /* ViewController.m */,
				CC6A5DDE19B413E700AB7A64 /* Images.xcassets */,
				CC6A5DD119B413E700AB7A64 /* Supporting Files */,
				CC6A5E0E19B41AEB00AB7A64 /* MyRobotTableViewCell.h */,
				CC6A5E0F19B41AEB00AB7A64 /* MyRobotTableViewCell.m */,
				C05EEADA19B75E1B00B7D99F /* PooRobotControlViewController.h */,
				C05EEADB19B75E1B00B7D99F /* PooRobotControlViewController.m */,
			);
			path = MyRobot;
			sourceTree = "<group>";
		};
		CC6A5DD119B413E700AB7A64 /* Supporting Files */ = {
			isa = PBXGroup;
			children = (
				CC6A5DD219B413E700AB7A64 /* Info.plist */,
				CC6A5DD319B413E700AB7A64 /* main.m */,
			);
			name = "Supporting Files";
			sourceTree = "<group>";
		};
		CCA579AF19B7FA560025107F /* ControlPad */ = {
			isa = PBXGroup;
			children = (
				CCA579B019B7FA560025107F /* JSAnalogueStick.h */,
				CCA579B119B7FA560025107F /* JSAnalogueStick.m */,
				CCA579B219B7FA560025107F /* JSButton.h */,
				CCA579B319B7FA560025107F /* JSButton.m */,
				CCA579B419B7FA560025107F /* JSControlLayout.h */,
				CCA579B519B7FA560025107F /* JSControlLayout.m */,
				CCA579B619B7FA560025107F /* JSDPad.h */,
				CCA579B719B7FA560025107F /* JSDPad.m */,
			);
			path = ControlPad;
			sourceTree = "<group>";
		};
/* End PBXGroup section */

/* Begin PBXNativeTarget section */
		CC6A5DCD19B413E700AB7A64 /* MyRobot */ = {
			isa = PBXNativeTarget;
			buildConfigurationList = CC6A5DEE19B413E700AB7A64 /* Build configuration list for PBXNativeTarget "MyRobot" */;
			buildPhases = (
				CC6A5DCA19B413E700AB7A64 /* Sources */,
				CC6A5DCB19B413E700AB7A64 /* Frameworks */,
				CC6A5DCC19B413E700AB7A64 /* Resources */,
			);
			buildRules = (
			);
			dependencies = (
			);
			name = MyRobot;
			productName = MyRobot;
			productReference = CC6A5DCE19B413E700AB7A64 /* MyRobot.app */;
			productType = "com.apple.product-type.application";
		};
/* End PBXNativeTarget section */

/* Begin PBXProject section */
		CC6A5DC619B413E700AB7A64 /* Project object */ = {
			isa = PBXProject;
			attributes = {
				CLASSPREFIX = Poo;
				LastUpgradeCheck = 0730;
				ORGANIZATIONNAME = crazypoo;
				TargetAttributes = {
					CC6A5DCD19B413E700AB7A64 = {
						CreatedOnToolsVersion = 6.0;
						DevelopmentTeam = 4J78PPRJ42;
					};
				};
			};
			buildConfigurationList = CC6A5DC919B413E700AB7A64 /* Build configuration list for PBXProject "MyRobot" */;
			compatibilityVersion = "Xcode 3.2";
			developmentRegion = English;
			hasScannedForEncodings = 0;
			knownRegions = (
				en,
				Base,
			);
			mainGroup = CC6A5DC519B413E700AB7A64;
			productRefGroup = CC6A5DCF19B413E700AB7A64 /* Products */;
			projectDirPath = "";
			projectRoot = "";
			targets = (
				CC6A5DCD19B413E700AB7A64 /* MyRobot */,
			);
		};
/* End PBXProject section */

/* Begin PBXResourcesBuildPhase section */
		CC6A5DCC19B413E700AB7A64 /* Resources */ = {
			isa = PBXResourcesBuildPhase;
			buildActionMask = 2147483647;
			files = (
				CCA579AB19B7FA190025107F /* dPad-UpLeft.png in Resources */,
				CCA579AE19B7FA190025107F /* dPad-UpRight@2x.png in Resources */,
				C0AA07781D7E693000223510 /* InfraredSensor.png in Resources */,
				CCA579AA19B7FA190025107F /* dPad-Up@2x.png in Resources */,
				C0AA077A1D7E693000223510 /* LargeMotor.png in Resources */,
				CCA5799D19B7FA190025107F /* dPad-Down.png in Resources */,
				CCA5799C19B7FA190025107F /* button@2x.png in Resources */,
				CCA5799B19B7FA190025107F /* button.png in Resources */,
				CCA5799519B7FA190025107F /* analogue_bg.png in Resources */,
				CCA579AC19B7FA190025107F /* dPad-UpLeft@2x.png in Resources */,
				CCA5799F19B7FA190025107F /* dPad-DownLeft.png in Resources */,
				C0AA077E1D7E693000223510 /* Unknown.png in Resources */,
				CCA579A119B7FA190025107F /* dPad-DownRight.png in Resources */,
				CCA579A319B7FA190025107F /* dPad-Left.png in Resources */,
				CCA5799719B7FA190025107F /* analogue_handle.png in Resources */,
				CCA579A019B7FA190025107F /* dPad-DownLeft@2x.png in Resources */,
				CCA579A619B7FA190025107F /* dPad-None@2x.png in Resources */,
				C0AA07801D7E6B3200223510 /* Main.storyboard in Resources */,
				CCA5799919B7FA190025107F /* button-pressed.png in Resources */,
				C0AA077C1D7E693000223510 /* TouchSensor.png in Resources */,
				C0AA077D1D7E693000223510 /* UltrasonicSensor.png in Resources */,
				C0AA07771D7E693000223510 /* GyroSensor.png in Resources */,
				C0AA07761D7E693000223510 /* Empty.png in Resources */,
				CCA579A519B7FA190025107F /* dPad-None.png in Resources */,
				C0AA07791D7E693000223510 /* Init.png in Resources */,
				CCA579A819B7FA190025107F /* dPad-Right@2x.png in Resources */,
				CCA5799619B7FA190025107F /* analogue_bg@2x.png in Resources */,
				CCA579A719B7FA190025107F /* dPad-Right.png in Resources */,
				CCA5799819B7FA190025107F /* analogue_handle@2x.png in Resources */,
				CCA5799E19B7FA190025107F /* dPad-Down@2x.png in Resources */,
				CCA579AD19B7FA190025107F /* dPad-UpRight.png in Resources */,
				CC6A5DDF19B413E700AB7A64 /* Images.xcassets in Resources */,
				CCA579A219B7FA190025107F /* dPad-DownRight@2x.png in Resources */,
				CCA5799A19B7FA190025107F /* button-pressed@2x.png in Resources */,
				CCA579A419B7FA190025107F /* dPad-Left@2x.png in Resources */,
				C0AA07751D7E693000223510 /* ColorSensor.png in Resources */,
				CCA579A919B7FA190025107F /* dPad-Up.png in Resources */,
				C0AA077B1D7E693000223510 /* MediumMotor.png in Resources */,
			);
			runOnlyForDeploymentPostprocessing = 0;
		};
/* End PBXResourcesBuildPhase section */

/* Begin PBXSourcesBuildPhase section */
		CC6A5DCA19B413E700AB7A64 /* Sources */ = {
			isa = PBXSourcesBuildPhase;
			buildActionMask = 2147483647;
			files = (
				CC6A5DDA19B413E700AB7A64 /* ViewController.m in Sources */,
				CC6A5E1019B41AEB00AB7A64 /* MyRobotTableViewCell.m in Sources */,
				C0AA076F1D7E693000223510 /* EV3Sensor.m in Sources */,
				C0AA076D1D7E693000223510 /* EV3Device.m in Sources */,
				C0AA076E1D7E693000223510 /* EV3DirectCommander.m in Sources */,
				CC6A5DD719B413E700AB7A64 /* AppDelegate.m in Sources */,
				C0AA07721D7E693000223510 /* GCDAsyncSocket.m in Sources */,
				C05EEADC19B75E1B00B7D99F /* PooRobotControlViewController.m in Sources */,
				C0AA07701D7E693000223510 /* EV3WifiBrowserViewController.m in Sources */,
				CCA579BB19B7FA560025107F /* JSDPad.m in Sources */,
				CCA579B919B7FA560025107F /* JSButton.m in Sources */,
				C0AA07741D7E693000223510 /* README.md in Sources */,
				CCA579B819B7FA560025107F /* JSAnalogueStick.m in Sources */,
				C0AA07731D7E693000223510 /* GCDAsyncUdpSocket.m in Sources */,
				C0AA07711D7E693000223510 /* EV3WifiManager.m in Sources */,
				CC6A5DD419B413E700AB7A64 /* main.m in Sources */,
				CCA579BA19B7FA560025107F /* JSControlLayout.m in Sources */,
			);
			runOnlyForDeploymentPostprocessing = 0;
		};
/* End PBXSourcesBuildPhase section */

/* Begin XCBuildConfiguration section */
		CC6A5DEC19B413E700AB7A64 /* Debug */ = {
			isa = XCBuildConfiguration;
			buildSettings = {
				ALWAYS_SEARCH_USER_PATHS = NO;
				CLANG_CXX_LANGUAGE_STANDARD = "gnu++0x";
				CLANG_CXX_LIBRARY = "libc++";
				CLANG_ENABLE_MODULES = YES;
				CLANG_ENABLE_OBJC_ARC = YES;
				CLANG_WARN_BOOL_CONVERSION = YES;
				CLANG_WARN_CONSTANT_CONVERSION = YES;
				CLANG_WARN_DIRECT_OBJC_ISA_USAGE = YES_ERROR;
				CLANG_WARN_EMPTY_BODY = YES;
				CLANG_WARN_ENUM_CONVERSION = YES;
				CLANG_WARN_INT_CONVERSION = YES;
				CLANG_WARN_OBJC_ROOT_CLASS = YES_ERROR;
				CLANG_WARN_UNREACHABLE_CODE = YES;
				CLANG_WARN__DUPLICATE_METHOD_MATCH = YES;
				"CODE_SIGN_IDENTITY[sdk=iphoneos*]" = "iPhone Developer";
				COPY_PHASE_STRIP = NO;
				ENABLE_STRICT_OBJC_MSGSEND = YES;
				ENABLE_TESTABILITY = YES;
				GCC_C_LANGUAGE_STANDARD = gnu99;
				GCC_DYNAMIC_NO_PIC = NO;
				GCC_OPTIMIZATION_LEVEL = 0;
				GCC_PREPROCESSOR_DEFINITIONS = (
					"DEBUG=1",
					"$(inherited)",
				);
				GCC_SYMBOLS_PRIVATE_EXTERN = NO;
				GCC_WARN_64_TO_32_BIT_CONVERSION = YES;
				GCC_WARN_ABOUT_RETURN_TYPE = YES_ERROR;
				GCC_WARN_UNDECLARED_SELECTOR = YES;
				GCC_WARN_UNINITIALIZED_AUTOS = YES_AGGRESSIVE;
				GCC_WARN_UNUSED_FUNCTION = YES;
				GCC_WARN_UNUSED_VARIABLE = YES;
				IPHONEOS_DEPLOYMENT_TARGET = 8.0;
				MTL_ENABLE_DEBUG_INFO = YES;
				ONLY_ACTIVE_ARCH = YES;
				SDKROOT = iphoneos;
				TARGETED_DEVICE_FAMILY = "1,2";
			};
			name = Debug;
		};
		CC6A5DED19B413E700AB7A64 /* Release */ = {
			isa = XCBuildConfiguration;
			buildSettings = {
				ALWAYS_SEARCH_USER_PATHS = NO;
				CLANG_CXX_LANGUAGE_STANDARD = "gnu++0x";
				CLANG_CXX_LIBRARY = "libc++";
				CLANG_ENABLE_MODULES = YES;
				CLANG_ENABLE_OBJC_ARC = YES;
				CLANG_WARN_BOOL_CONVERSION = YES;
				CLANG_WARN_CONSTANT_CONVERSION = YES;
				CLANG_WARN_DIRECT_OBJC_ISA_USAGE = YES_ERROR;
				CLANG_WARN_EMPTY_BODY = YES;
				CLANG_WARN_ENUM_CONVERSION = YES;
				CLANG_WARN_INT_CONVERSION = YES;
				CLANG_WARN_OBJC_ROOT_CLASS = YES_ERROR;
				CLANG_WARN_UNREACHABLE_CODE = YES;
				CLANG_WARN__DUPLICATE_METHOD_MATCH = YES;
				"CODE_SIGN_IDENTITY[sdk=iphoneos*]" = "iPhone Developer";
				COPY_PHASE_STRIP = YES;
				ENABLE_NS_ASSERTIONS = NO;
				ENABLE_STRICT_OBJC_MSGSEND = YES;
				GCC_C_LANGUAGE_STANDARD = gnu99;
				GCC_WARN_64_TO_32_BIT_CONVERSION = YES;
				GCC_WARN_ABOUT_RETURN_TYPE = YES_ERROR;
				GCC_WARN_UNDECLARED_SELECTOR = YES;
				GCC_WARN_UNINITIALIZED_AUTOS = YES_AGGRESSIVE;
				GCC_WARN_UNUSED_FUNCTION = YES;
				GCC_WARN_UNUSED_VARIABLE = YES;
				IPHONEOS_DEPLOYMENT_TARGET = 8.0;
				MTL_ENABLE_DEBUG_INFO = NO;
				SDKROOT = iphoneos;
				TARGETED_DEVICE_FAMILY = "1,2";
				VALIDATE_PRODUCT = YES;
			};
			name = Release;
		};
		CC6A5DEF19B413E700AB7A64 /* Debug */ = {
			isa = XCBuildConfiguration;
			buildSettings = {
				ASSETCATALOG_COMPILER_APPICON_NAME = AppIcon;
				ASSETCATALOG_COMPILER_LAUNCHIMAGE_NAME = LaunchImage;
				CLANG_ENABLE_OBJC_ARC = YES;
				CODE_SIGN_IDENTITY = "iPhone Developer";
				ENABLE_BITCODE = NO;
				FRAMEWORK_SEARCH_PATHS = (
					"$(inherited)",
					"$(PROJECT_DIR)",
				);
				GCC_INCREASE_PRECOMPILED_HEADER_SHARING = YES;
				GCC_PRECOMPILE_PREFIX_HEADER = NO;
				GCC_PREFIX_HEADER = "Myrobot-Prefix.pch";
				INFOPLIST_FILE = MyRobot/Info.plist;
				IPHONEOS_DEPLOYMENT_TARGET = 6.0;
				LD_RUNPATH_SEARCH_PATHS = "$(inherited) @executable_path/Frameworks";
				LIBRARY_SEARCH_PATHS = (
					"$(inherited)",
					"$(PROJECT_DIR)",
				);
				ONLY_ACTIVE_ARCH = YES;
				PRODUCT_BUNDLE_IDENTIFIER = com.omcn.MyRobot;
				PRODUCT_NAME = "$(TARGET_NAME)";
				VALID_ARCHS = "arm64 armv7s armv7";
			};
			name = Debug;
		};
		CC6A5DF019B413E700AB7A64 /* Release */ = {
			isa = XCBuildConfiguration;
			buildSettings = {
				ASSETCATALOG_COMPILER_APPICON_NAME = AppIcon;
				ASSETCATALOG_COMPILER_LAUNCHIMAGE_NAME = LaunchImage;
				CLANG_ENABLE_OBJC_ARC = YES;
				CODE_SIGN_IDENTITY = "iPhone Developer";
				ENABLE_BITCODE = NO;
				FRAMEWORK_SEARCH_PATHS = (
					"$(inherited)",
					"$(PROJECT_DIR)",
				);
				GCC_INCREASE_PRECOMPILED_HEADER_SHARING = YES;
				GCC_PRECOMPILE_PREFIX_HEADER = NO;
				GCC_PREFIX_HEADER = "Myrobot-Prefix.pch";
				INFOPLIST_FILE = MyRobot/Info.plist;
				IPHONEOS_DEPLOYMENT_TARGET = 6.0;
				LD_RUNPATH_SEARCH_PATHS = "$(inherited) @executable_path/Frameworks";
				LIBRARY_SEARCH_PATHS = (
					"$(inherited)",
					"$(PROJECT_DIR)",
				);
				ONLY_ACTIVE_ARCH = YES;
				PRODUCT_BUNDLE_IDENTIFIER = com.omcn.MyRobot;
				PRODUCT_NAME = "$(TARGET_NAME)";
				VALID_ARCHS = "arm64 armv7s armv7";
			};
			name = Release;
		};
/* End XCBuildConfiguration section */

/* Begin XCConfigurationList section */
		CC6A5DC919B413E700AB7A64 /* Build configuration list for PBXProject "MyRobot" */ = {
			isa = XCConfigurationList;
			buildConfigurations = (
				CC6A5DEC19B413E700AB7A64 /* Debug */,
				CC6A5DED19B413E700AB7A64 /* Release */,
			);
			defaultConfigurationIsVisible = 0;
			defaultConfigurationName = Release;
		};
		CC6A5DEE19B413E700AB7A64 /* Build configuration list for PBXNativeTarget "MyRobot" */ = {
			isa = XCConfigurationList;
			buildConfigurations = (
				CC6A5DEF19B413E700AB7A64 /* Debug */,
				CC6A5DF019B413E700AB7A64 /* Release */,
			);
			defaultConfigurationIsVisible = 0;
			defaultConfigurationName = Release;
		};
/* End XCConfigurationList section */
	};
	rootObject = CC6A5DC619B413E700AB7A64 /* Project object */;
}
